# @generated by Move, please check-in and do not edit manually.

[move]
version = 3
manifest_digest = "09A5AF7D67F3D629A4F92E45E58BF1E4687764E1225D5070373FFBD39D0E8014"
deps_digest = "F9B494B64F0615AED0E98FC12A85B85ECD2BC5185C22D30E7F67786BB52E507C"
dependencies = [
  { id = "Bridge", name = "Bridge" },
  { id = "MoveStdlib", name = "MoveStdlib" },
  { id = "Sui", name = "Sui" },
  { id = "SuiSystem", name = "SuiSystem" },
]

[[move.package]]
id = "Bridge"
source = { git = "https://github.com/MystenLabs/sui.git", rev = "4e8b6eda7d6411d80c62f39ac8a4f028e8d174c4", subdir = "crates/sui-framework/packages/bridge" }

dependencies = [
  { id = "MoveStdlib", name = "MoveStdlib" },
  { id = "Sui", name = "Sui" },
  { id = "SuiSystem", name = "SuiSystem" },
]

[[move.package]]
id = "MoveStdlib"
source = { git = "https://github.com/MystenLabs/sui.git", rev = "4e8b6eda7d6411d80c62f39ac8a4f028e8d174c4", subdir = "crates/sui-framework/packages/move-stdlib" }

[[move.package]]
id = "Sui"
source = { git = "https://github.com/MystenLabs/sui.git", rev = "4e8b6eda7d6411d80c62f39ac8a4f028e8d174c4", subdir = "crates/sui-framework/packages/sui-framework" }

dependencies = [
  { id = "MoveStdlib", name = "MoveStdlib" },
]

[[move.package]]
id = "SuiSystem"
source = { git = "https://github.com/MystenLabs/sui.git", rev = "4e8b6eda7d6411d80c62f39ac8a4f028e8d174c4", subdir = "crates/sui-framework/packages/sui-system" }

dependencies = [
  { id = "MoveStdlib", name = "MoveStdlib" },
  { id = "Sui", name = "Sui" },
]

[move.toolchain-version]
compiler-version = "1.58.2"
edition = "2024.beta"
flavor = "sui"

[env]

[env.testnet]
chain-id = "4c78adac"
original-published-id = "0x1b095a06dd041da978b3aab1be179b93b1db1096fb050436a2793bab43a45b96"
latest-published-id = "0x1b095a06dd041da978b3aab1be179b93b1db1096fb050436a2793bab43a45b96"
published-version = "1"
